// !$*UTF8*$!
{
	archiveVersion = 1;
	classes = {
	};
	objectVersion = 50;
	objects = {

/* Begin PBXBuildFile section */
		6F02111225DAE5200048BD9A /* MovieServiceMock.swift in Sources */ = {isa = PBXBuildFile; fileRef = 6F02111125DAE5200048BD9A /* MovieServiceMock.swift */; };
		6F02111A25DAE7330048BD9A /* MovieListViewMock.swift in Sources */ = {isa = PBXBuildFile; fileRef = 6F02111925DAE7330048BD9A /* MovieListViewMock.swift */; };
		6F02112B25DAF1680048BD9A /* MovieDetailsViewModelTests.swift in Sources */ = {isa = PBXBuildFile; fileRef = 6F02112A25DAF1680048BD9A /* MovieDetailsViewModelTests.swift */; };
		6F1B136325D986E7004A6B0D /* SynopsisView.swift in Sources */ = {isa = PBXBuildFile; fileRef = 6F1B136225D986E7004A6B0D /* SynopsisView.swift */; };
		6F1B136825D98727004A6B0D /* SynopsisView.xib in Resources */ = {isa = PBXBuildFile; fileRef = 6F1B136725D98727004A6B0D /* SynopsisView.xib */; };
		6F1B136D25D98813004A6B0D /* CreditsView.swift in Sources */ = {isa = PBXBuildFile; fileRef = 6F1B136C25D98813004A6B0D /* CreditsView.swift */; };
		6F1B137225D98821004A6B0D /* CreditsView.xib in Resources */ = {isa = PBXBuildFile; fileRef = 6F1B137125D98821004A6B0D /* CreditsView.xib */; };
		6F263E2125D6F29E005D5350 /* MovieDetailsViewModel.swift in Sources */ = {isa = PBXBuildFile; fileRef = 6F263E2025D6F29E005D5350 /* MovieDetailsViewModel.swift */; };
		6F7D2CA125D6E5FF00999832 /* MovieDetailsViewController.swift in Sources */ = {isa = PBXBuildFile; fileRef = 6F7D2CA025D6E5FF00999832 /* MovieDetailsViewController.swift */; };
		6F80707E25D5B41500D7221E /* MovieListCell.swift in Sources */ = {isa = PBXBuildFile; fileRef = 6F80707C25D5B41500D7221E /* MovieListCell.swift */; };
		6F80707F25D5B41500D7221E /* MovieListCell.xib in Resources */ = {isa = PBXBuildFile; fileRef = 6F80707D25D5B41500D7221E /* MovieListCell.xib */; };
		6F80708625D5B4EC00D7221E /* MovieListViewModel.swift in Sources */ = {isa = PBXBuildFile; fileRef = 6F80708525D5B4EC00D7221E /* MovieListViewModel.swift */; };
		6F80709825D5B70900D7221E /* MovieListCellViewModel.swift in Sources */ = {isa = PBXBuildFile; fileRef = 6F80709725D5B70900D7221E /* MovieListCellViewModel.swift */; };
		6F8430EA25D478A2005A710D /* AppDelegate.swift in Sources */ = {isa = PBXBuildFile; fileRef = 6F8430E925D478A2005A710D /* AppDelegate.swift */; };
		6F8430EC25D478A2005A710D /* SceneDelegate.swift in Sources */ = {isa = PBXBuildFile; fileRef = 6F8430EB25D478A2005A710D /* SceneDelegate.swift */; };
		6F8430EE25D478A2005A710D /* MovieListViewController.swift in Sources */ = {isa = PBXBuildFile; fileRef = 6F8430ED25D478A2005A710D /* MovieListViewController.swift */; };
		6F8430F125D478A2005A710D /* Main.storyboard in Resources */ = {isa = PBXBuildFile; fileRef = 6F8430EF25D478A2005A710D /* Main.storyboard */; };
		6F8430F325D478A4005A710D /* Assets.xcassets in Resources */ = {isa = PBXBuildFile; fileRef = 6F8430F225D478A4005A710D /* Assets.xcassets */; };
		6F8430F625D478A4005A710D /* LaunchScreen.storyboard in Resources */ = {isa = PBXBuildFile; fileRef = 6F8430F425D478A4005A710D /* LaunchScreen.storyboard */; };
		6F84310125D478A5005A710D /* MovieListViewModelTests.swift in Sources */ = {isa = PBXBuildFile; fileRef = 6F84310025D478A5005A710D /* MovieListViewModelTests.swift */; };
		6F84312225D47D3B005A710D /* MovieService.swift in Sources */ = {isa = PBXBuildFile; fileRef = 6F84312125D47D3B005A710D /* MovieService.swift */; };
		6F84312825D47D8D005A710D /* Movie.swift in Sources */ = {isa = PBXBuildFile; fileRef = 6F84312725D47D8D005A710D /* Movie.swift */; };
		6F84313025D48270005A710D /* MovieDetails.swift in Sources */ = {isa = PBXBuildFile; fileRef = 6F84312F25D48270005A710D /* MovieDetails.swift */; };
/* End PBXBuildFile section */

/* Begin PBXContainerItemProxy section */
		6F8430FD25D478A5005A710D /* PBXContainerItemProxy */ = {
			isa = PBXContainerItemProxy;
			containerPortal = 6F8430DE25D478A2005A710D /* Project object */;
			proxyType = 1;
			remoteGlobalIDString = 6F8430E525D478A2005A710D;
			remoteInfo = MovieDatabase;
		};
/* End PBXContainerItemProxy section */

/* Begin PBXFileReference section */
		6F02111125DAE5200048BD9A /* MovieServiceMock.swift */ = {isa = PBXFileReference; lastKnownFileType = sourcecode.swift; path = MovieServiceMock.swift; sourceTree = "<group>"; };
		6F02111925DAE7330048BD9A /* MovieListViewMock.swift */ = {isa = PBXFileReference; lastKnownFileType = sourcecode.swift; path = MovieListViewMock.swift; sourceTree = "<group>"; };
		6F02112A25DAF1680048BD9A /* MovieDetailsViewModelTests.swift */ = {isa = PBXFileReference; lastKnownFileType = sourcecode.swift; path = MovieDetailsViewModelTests.swift; sourceTree = "<group>"; };
		6F1B136225D986E7004A6B0D /* SynopsisView.swift */ = {isa = PBXFileReference; lastKnownFileType = sourcecode.swift; path = SynopsisView.swift; sourceTree = "<group>"; };
		6F1B136725D98727004A6B0D /* SynopsisView.xib */ = {isa = PBXFileReference; lastKnownFileType = file.xib; path = SynopsisView.xib; sourceTree = "<group>"; };
		6F1B136C25D98813004A6B0D /* CreditsView.swift */ = {isa = PBXFileReference; lastKnownFileType = sourcecode.swift; path = CreditsView.swift; sourceTree = "<group>"; };
		6F1B137125D98821004A6B0D /* CreditsView.xib */ = {isa = PBXFileReference; lastKnownFileType = file.xib; path = CreditsView.xib; sourceTree = "<group>"; };
		6F263E2025D6F29E005D5350 /* MovieDetailsViewModel.swift */ = {isa = PBXFileReference; lastKnownFileType = sourcecode.swift; path = MovieDetailsViewModel.swift; sourceTree = "<group>"; };
		6F7D2CA025D6E5FF00999832 /* MovieDetailsViewController.swift */ = {isa = PBXFileReference; lastKnownFileType = sourcecode.swift; path = MovieDetailsViewController.swift; sourceTree = "<group>"; };
		6F80707C25D5B41500D7221E /* MovieListCell.swift */ = {isa = PBXFileReference; lastKnownFileType = sourcecode.swift; path = MovieListCell.swift; sourceTree = "<group>"; };
		6F80707D25D5B41500D7221E /* MovieListCell.xib */ = {isa = PBXFileReference; lastKnownFileType = file.xib; path = MovieListCell.xib; sourceTree = "<group>"; };
		6F80708525D5B4EC00D7221E /* MovieListViewModel.swift */ = {isa = PBXFileReference; lastKnownFileType = sourcecode.swift; path = MovieListViewModel.swift; sourceTree = "<group>"; };
		6F80709725D5B70900D7221E /* MovieListCellViewModel.swift */ = {isa = PBXFileReference; lastKnownFileType = sourcecode.swift; path = MovieListCellViewModel.swift; sourceTree = "<group>"; };
		6F8430E625D478A2005A710D /* MovieDatabase.app */ = {isa = PBXFileReference; explicitFileType = wrapper.application; includeInIndex = 0; path = MovieDatabase.app; sourceTree = BUILT_PRODUCTS_DIR; };
		6F8430E925D478A2005A710D /* AppDelegate.swift */ = {isa = PBXFileReference; lastKnownFileType = sourcecode.swift; path = AppDelegate.swift; sourceTree = "<group>"; };
		6F8430EB25D478A2005A710D /* SceneDelegate.swift */ = {isa = PBXFileReference; lastKnownFileType = sourcecode.swift; path = SceneDelegate.swift; sourceTree = "<group>"; };
		6F8430ED25D478A2005A710D /* MovieListViewController.swift */ = {isa = PBXFileReference; lastKnownFileType = sourcecode.swift; path = MovieListViewController.swift; sourceTree = "<group>"; };
		6F8430F025D478A2005A710D /* Base */ = {isa = PBXFileReference; lastKnownFileType = file.storyboard; name = Base; path = Base.lproj/Main.storyboard; sourceTree = "<group>"; };
		6F8430F225D478A4005A710D /* Assets.xcassets */ = {isa = PBXFileReference; lastKnownFileType = folder.assetcatalog; path = Assets.xcassets; sourceTree = "<group>"; };
		6F8430F525D478A4005A710D /* Base */ = {isa = PBXFileReference; lastKnownFileType = file.storyboard; name = Base; path = Base.lproj/LaunchScreen.storyboard; sourceTree = "<group>"; };
		6F8430F725D478A4005A710D /* Info.plist */ = {isa = PBXFileReference; lastKnownFileType = text.plist.xml; path = Info.plist; sourceTree = "<group>"; };
		6F8430FC25D478A5005A710D /* MovieDatabaseTests.xctest */ = {isa = PBXFileReference; explicitFileType = wrapper.cfbundle; includeInIndex = 0; path = MovieDatabaseTests.xctest; sourceTree = BUILT_PRODUCTS_DIR; };
		6F84310025D478A5005A710D /* MovieListViewModelTests.swift */ = {isa = PBXFileReference; lastKnownFileType = sourcecode.swift; path = MovieListViewModelTests.swift; sourceTree = "<group>"; };
		6F84310225D478A5005A710D /* Info.plist */ = {isa = PBXFileReference; lastKnownFileType = text.plist.xml; path = Info.plist; sourceTree = "<group>"; };
		6F84312125D47D3B005A710D /* MovieService.swift */ = {isa = PBXFileReference; lastKnownFileType = sourcecode.swift; path = MovieService.swift; sourceTree = "<group>"; };
		6F84312725D47D8D005A710D /* Movie.swift */ = {isa = PBXFileReference; lastKnownFileType = sourcecode.swift; path = Movie.swift; sourceTree = "<group>"; };
		6F84312F25D48270005A710D /* MovieDetails.swift */ = {isa = PBXFileReference; lastKnownFileType = sourcecode.swift; path = MovieDetails.swift; sourceTree = "<group>"; };
/* End PBXFileReference section */

/* Begin PBXFrameworksBuildPhase section */
		6F8430E325D478A2005A710D /* Frameworks */ = {
			isa = PBXFrameworksBuildPhase;
			buildActionMask = 2147483647;
			files = (
			);
			runOnlyForDeploymentPostprocessing = 0;
		};
		6F8430F925D478A5005A710D /* Frameworks */ = {
			isa = PBXFrameworksBuildPhase;
			buildActionMask = 2147483647;
			files = (
			);
			runOnlyForDeploymentPostprocessing = 0;
		};
/* End PBXFrameworksBuildPhase section */

/* Begin PBXGroup section */
		6F02110825D9BEAB0048BD9A /* ViewControllers */ = {
			isa = PBXGroup;
			children = (
				6F7D2CA025D6E5FF00999832 /* MovieDetailsViewController.swift */,
			);
			path = ViewControllers;
			sourceTree = "<group>";
		};
		6F02110F25DAE4E20048BD9A /* Mocks */ = {
			isa = PBXGroup;
			children = (
				6F02111125DAE5200048BD9A /* MovieServiceMock.swift */,
				6F02111925DAE7330048BD9A /* MovieListViewMock.swift */,
			);
			path = Mocks;
			sourceTree = "<group>";
		};
		6F1B135E25D98637004A6B0D /* Views */ = {
			isa = PBXGroup;
			children = (
				6F1B136225D986E7004A6B0D /* SynopsisView.swift */,
				6F1B136725D98727004A6B0D /* SynopsisView.xib */,
				6F1B136C25D98813004A6B0D /* CreditsView.swift */,
				6F1B137125D98821004A6B0D /* CreditsView.xib */,
			);
			path = Views;
			sourceTree = "<group>";
		};
		6F7D2C9F25D6E5D600999832 /* MovieDetails */ = {
			isa = PBXGroup;
			children = (
				6F02110825D9BEAB0048BD9A /* ViewControllers */,
				6F1B135E25D98637004A6B0D /* Views */,
				6F7D2CA825D6E64F00999832 /* ViewModels */,
			);
			path = MovieDetails;
			sourceTree = "<group>";
		};
		6F7D2CA825D6E64F00999832 /* ViewModels */ = {
			isa = PBXGroup;
			children = (
				6F263E2025D6F29E005D5350 /* MovieDetailsViewModel.swift */,
			);
			path = ViewModels;
			sourceTree = "<group>";
		};
		6F80708325D5B4CE00D7221E /* ViewModels */ = {
			isa = PBXGroup;
			children = (
				6F80708525D5B4EC00D7221E /* MovieListViewModel.swift */,
				6F80709725D5B70900D7221E /* MovieListCellViewModel.swift */,
			);
			path = ViewModels;
			sourceTree = "<group>";
		};
		6F80708425D5B4D600D7221E /* ViewControllers */ = {
			isa = PBXGroup;
			children = (
				6F8430ED25D478A2005A710D /* MovieListViewController.swift */,
			);
			path = ViewControllers;
			sourceTree = "<group>";
		};
		6F80708D25D5B69500D7221E /* Views */ = {
			isa = PBXGroup;
			children = (
				6F80707C25D5B41500D7221E /* MovieListCell.swift */,
				6F80707D25D5B41500D7221E /* MovieListCell.xib */,
			);
			path = Views;
			sourceTree = "<group>";
		};
		6F8430DD25D478A2005A710D = {
			isa = PBXGroup;
			children = (
				6F8430E825D478A2005A710D /* MovieDatabase */,
				6F8430FF25D478A5005A710D /* MovieDatabaseTests */,
				6F8430E725D478A2005A710D /* Products */,
			);
			sourceTree = "<group>";
		};
		6F8430E725D478A2005A710D /* Products */ = {
			isa = PBXGroup;
			children = (
				6F8430E625D478A2005A710D /* MovieDatabase.app */,
				6F8430FC25D478A5005A710D /* MovieDatabaseTests.xctest */,
			);
			name = Products;
			sourceTree = "<group>";
		};
		6F8430E825D478A2005A710D /* MovieDatabase */ = {
			isa = PBXGroup;
			children = (
				6F7D2C9F25D6E5D600999832 /* MovieDetails */,
				6F84313725D5B238005A710D /* MovieList */,
				6F84312625D47D80005A710D /* Models */,
				6F84311F25D47D18005A710D /* Services */,
				6F8430E925D478A2005A710D /* AppDelegate.swift */,
				6F8430EB25D478A2005A710D /* SceneDelegate.swift */,
				6F8430EF25D478A2005A710D /* Main.storyboard */,
				6F8430F225D478A4005A710D /* Assets.xcassets */,
				6F8430F425D478A4005A710D /* LaunchScreen.storyboard */,
				6F8430F725D478A4005A710D /* Info.plist */,
			);
			path = MovieDatabase;
			sourceTree = "<group>";
		};
		6F8430FF25D478A5005A710D /* MovieDatabaseTests */ = {
			isa = PBXGroup;
			children = (
				6F02110F25DAE4E20048BD9A /* Mocks */,
				6F84310025D478A5005A710D /* MovieListViewModelTests.swift */,
				6F02112A25DAF1680048BD9A /* MovieDetailsViewModelTests.swift */,
				6F84310225D478A5005A710D /* Info.plist */,
			);
			path = MovieDatabaseTests;
			sourceTree = "<group>";
		};
		6F84311F25D47D18005A710D /* Services */ = {
			isa = PBXGroup;
			children = (
				6F84312125D47D3B005A710D /* MovieService.swift */,
			);
			path = Services;
			sourceTree = "<group>";
		};
		6F84312625D47D80005A710D /* Models */ = {
			isa = PBXGroup;
			children = (
				6F84312725D47D8D005A710D /* Movie.swift */,
				6F84312F25D48270005A710D /* MovieDetails.swift */,
			);
			path = Models;
			sourceTree = "<group>";
		};
		6F84313725D5B238005A710D /* MovieList */ = {
			isa = PBXGroup;
			children = (
				6F80708D25D5B69500D7221E /* Views */,
				6F80708425D5B4D600D7221E /* ViewControllers */,
				6F80708325D5B4CE00D7221E /* ViewModels */,
			);
			path = MovieList;
			sourceTree = "<group>";
		};
/* End PBXGroup section */

/* Begin PBXNativeTarget section */
		6F8430E525D478A2005A710D /* MovieDatabase */ = {
			isa = PBXNativeTarget;
			buildConfigurationList = 6F84311025D478A5005A710D /* Build configuration list for PBXNativeTarget "MovieDatabase" */;
			buildPhases = (
				6F8430E225D478A2005A710D /* Sources */,
				6F8430E325D478A2005A710D /* Frameworks */,
				6F8430E425D478A2005A710D /* Resources */,
			);
			buildRules = (
			);
			dependencies = (
			);
			name = MovieDatabase;
			productName = MovieDatabase;
			productReference = 6F8430E625D478A2005A710D /* MovieDatabase.app */;
			productType = "com.apple.product-type.application";
		};
		6F8430FB25D478A5005A710D /* MovieDatabaseTests */ = {
			isa = PBXNativeTarget;
			buildConfigurationList = 6F84311325D478A5005A710D /* Build configuration list for PBXNativeTarget "MovieDatabaseTests" */;
			buildPhases = (
				6F8430F825D478A5005A710D /* Sources */,
				6F8430F925D478A5005A710D /* Frameworks */,
				6F8430FA25D478A5005A710D /* Resources */,
			);
			buildRules = (
			);
			dependencies = (
				6F8430FE25D478A5005A710D /* PBXTargetDependency */,
			);
			name = MovieDatabaseTests;
			productName = MovieDatabaseTests;
			productReference = 6F8430FC25D478A5005A710D /* MovieDatabaseTests.xctest */;
			productType = "com.apple.product-type.bundle.unit-test";
		};
/* End PBXNativeTarget section */

/* Begin PBXProject section */
		6F8430DE25D478A2005A710D /* Project object */ = {
			isa = PBXProject;
			attributes = {
				LastSwiftUpdateCheck = 1230;
				LastUpgradeCheck = 1230;
				TargetAttributes = {
					6F8430E525D478A2005A710D = {
						CreatedOnToolsVersion = 12.3;
					};
					6F8430FB25D478A5005A710D = {
						CreatedOnToolsVersion = 12.3;
						TestTargetID = 6F8430E525D478A2005A710D;
					};
				};
			};
			buildConfigurationList = 6F8430E125D478A2005A710D /* Build configuration list for PBXProject "MovieDatabase" */;
			compatibilityVersion = "Xcode 9.3";
			developmentRegion = en;
			hasScannedForEncodings = 0;
			knownRegions = (
				en,
				Base,
			);
			mainGroup = 6F8430DD25D478A2005A710D;
			productRefGroup = 6F8430E725D478A2005A710D /* Products */;
			projectDirPath = "";
			projectRoot = "";
			targets = (
				6F8430E525D478A2005A710D /* MovieDatabase */,
				6F8430FB25D478A5005A710D /* MovieDatabaseTests */,
			);
		};
/* End PBXProject section */

/* Begin PBXResourcesBuildPhase section */
		6F8430E425D478A2005A710D /* Resources */ = {
			isa = PBXResourcesBuildPhase;
			buildActionMask = 2147483647;
			files = (
				6F8430F625D478A4005A710D /* LaunchScreen.storyboard in Resources */,
				6F1B136825D98727004A6B0D /* SynopsisView.xib in Resources */,
				6F8430F325D478A4005A710D /* Assets.xcassets in Resources */,
				6F80707F25D5B41500D7221E /* MovieListCell.xib in Resources */,
				6F8430F125D478A2005A710D /* Main.storyboard in Resources */,
				6F1B137225D98821004A6B0D /* CreditsView.xib in Resources */,
			);
			runOnlyForDeploymentPostprocessing = 0;
		};
		6F8430FA25D478A5005A710D /* Resources */ = {
			isa = PBXResourcesBuildPhase;
			buildActionMask = 2147483647;
			files = (
			);
			runOnlyForDeploymentPostprocessing = 0;
		};
/* End PBXResourcesBuildPhase section */

/* Begin PBXSourcesBuildPhase section */
		6F8430E225D478A2005A710D /* Sources */ = {
			isa = PBXSourcesBuildPhase;
			buildActionMask = 2147483647;
			files = (
				6F1B136325D986E7004A6B0D /* SynopsisView.swift in Sources */,
				6F7D2CA125D6E5FF00999832 /* MovieDetailsViewController.swift in Sources */,
				6F80709825D5B70900D7221E /* MovieListCellViewModel.swift in Sources */,
				6F8430EE25D478A2005A710D /* MovieListViewController.swift in Sources */,
				6F8430EA25D478A2005A710D /* AppDelegate.swift in Sources */,
				6F80707E25D5B41500D7221E /* MovieListCell.swift in Sources */,
				6F263E2125D6F29E005D5350 /* MovieDetailsViewModel.swift in Sources */,
				6F84312225D47D3B005A710D /* MovieService.swift in Sources */,
				6F1B136D25D98813004A6B0D /* CreditsView.swift in Sources */,
				6F8430EC25D478A2005A710D /* SceneDelegate.swift in Sources */,
				6F84312825D47D8D005A710D /* Movie.swift in Sources */,
				6F84313025D48270005A710D /* MovieDetails.swift in Sources */,
				6F80708625D5B4EC00D7221E /* MovieListViewModel.swift in Sources */,
			);
			runOnlyForDeploymentPostprocessing = 0;
		};
		6F8430F825D478A5005A710D /* Sources */ = {
			isa = PBXSourcesBuildPhase;
			buildActionMask = 2147483647;
			files = (
				6F02112B25DAF1680048BD9A /* MovieDetailsViewModelTests.swift in Sources */,
				6F02111225DAE5200048BD9A /* MovieServiceMock.swift in Sources */,
				6F84310125D478A5005A710D /* MovieListViewModelTests.swift in Sources */,
				6F02111A25DAE7330048BD9A /* MovieListViewMock.swift in Sources */,
			);
			runOnlyForDeploymentPostprocessing = 0;
		};
/* End PBXSourcesBuildPhase section */

/* Begin PBXTargetDependency section */
		6F8430FE25D478A5005A710D /* PBXTargetDependency */ = {
			isa = PBXTargetDependency;
			target = 6F8430E525D478A2005A710D /* MovieDatabase */;
			targetProxy = 6F8430FD25D478A5005A710D /* PBXContainerItemProxy */;
		};
/* End PBXTargetDependency section */

/* Begin PBXVariantGroup section */
		6F8430EF25D478A2005A710D /* Main.storyboard */ = {
			isa = PBXVariantGroup;
			children = (
				6F8430F025D478A2005A710D /* Base */,
			);
			name = Main.storyboard;
			sourceTree = "<group>";
		};
		6F8430F425D478A4005A710D /* LaunchScreen.storyboard */ = {
			isa = PBXVariantGroup;
			children = (
				6F8430F525D478A4005A710D /* Base */,
			);
			name = LaunchScreen.storyboard;
			sourceTree = "<group>";
		};
/* End PBXVariantGroup section */

/* Begin XCBuildConfiguration section */
		6F84310E25D478A5005A710D /* Debug */ = {
			isa = XCBuildConfiguration;
			buildSettings = {
				ALWAYS_SEARCH_USER_PATHS = NO;
				CLANG_ANALYZER_NONNULL = YES;
				CLANG_ANALYZER_NUMBER_OBJECT_CONVERSION = YES_AGGRESSIVE;
				CLANG_CXX_LANGUAGE_STANDARD = "gnu++14";
				CLANG_CXX_LIBRARY = "libc++";
				CLANG_ENABLE_MODULES = YES;
				CLANG_ENABLE_OBJC_ARC = YES;
				CLANG_ENABLE_OBJC_WEAK = YES;
				CLANG_WARN_BLOCK_CAPTURE_AUTORELEASING = YES;
				CLANG_WARN_BOOL_CONVERSION = YES;
				CLANG_WARN_COMMA = YES;
				CLANG_WARN_CONSTANT_CONVERSION = YES;
				CLANG_WARN_DEPRECATED_OBJC_IMPLEMENTATIONS = YES;
				CLANG_WARN_DIRECT_OBJC_ISA_USAGE = YES_ERROR;
				CLANG_WARN_DOCUMENTATION_COMMENTS = YES;
				CLANG_WARN_EMPTY_BODY = YES;
				CLANG_WARN_ENUM_CONVERSION = YES;
				CLANG_WARN_INFINITE_RECURSION = YES;
				CLANG_WARN_INT_CONVERSION = YES;
				CLANG_WARN_NON_LITERAL_NULL_CONVERSION = YES;
				CLANG_WARN_OBJC_IMPLICIT_RETAIN_SELF = YES;
				CLANG_WARN_OBJC_LITERAL_CONVERSION = YES;
				CLANG_WARN_OBJC_ROOT_CLASS = YES_ERROR;
				CLANG_WARN_QUOTED_INCLUDE_IN_FRAMEWORK_HEADER = YES;
				CLANG_WARN_RANGE_LOOP_ANALYSIS = YES;
				CLANG_WARN_STRICT_PROTOTYPES = YES;
				CLANG_WARN_SUSPICIOUS_MOVE = YES;
				CLANG_WARN_UNGUARDED_AVAILABILITY = YES_AGGRESSIVE;
				CLANG_WARN_UNREACHABLE_CODE = YES;
				CLANG_WARN__DUPLICATE_METHOD_MATCH = YES;
				COPY_PHASE_STRIP = NO;
				DEBUG_INFORMATION_FORMAT = dwarf;
				ENABLE_STRICT_OBJC_MSGSEND = YES;
				ENABLE_TESTABILITY = YES;
				GCC_C_LANGUAGE_STANDARD = gnu11;
				GCC_DYNAMIC_NO_PIC = NO;
				GCC_NO_COMMON_BLOCKS = YES;
				GCC_OPTIMIZATION_LEVEL = 0;
				GCC_PREPROCESSOR_DEFINITIONS = (
					"DEBUG=1",
					"$(inherited)",
				);
				GCC_WARN_64_TO_32_BIT_CONVERSION = YES;
				GCC_WARN_ABOUT_RETURN_TYPE = YES_ERROR;
				GCC_WARN_UNDECLARED_SELECTOR = YES;
				GCC_WARN_UNINITIALIZED_AUTOS = YES_AGGRESSIVE;
				GCC_WARN_UNUSED_FUNCTION = YES;
				GCC_WARN_UNUSED_VARIABLE = YES;
				IPHONEOS_DEPLOYMENT_TARGET = 14.3;
				MTL_ENABLE_DEBUG_INFO = INCLUDE_SOURCE;
				MTL_FAST_MATH = YES;
				ONLY_ACTIVE_ARCH = YES;
				SDKROOT = iphoneos;
				SWIFT_ACTIVE_COMPILATION_CONDITIONS = DEBUG;
				SWIFT_OPTIMIZATION_LEVEL = "-Onone";
			};
			name = Debug;
		};
		6F84310F25D478A5005A710D /* Release */ = {
			isa = XCBuildConfiguration;
			buildSettings = {
				ALWAYS_SEARCH_USER_PATHS = NO;
				CLANG_ANALYZER_NONNULL = YES;
				CLANG_ANALYZER_NUMBER_OBJECT_CONVERSION = YES_AGGRESSIVE;
				CLANG_CXX_LANGUAGE_STANDARD = "gnu++14";
				CLANG_CXX_LIBRARY = "libc++";
				CLANG_ENABLE_MODULES = YES;
				CLANG_ENABLE_OBJC_ARC = YES;
				CLANG_ENABLE_OBJC_WEAK = YES;
				CLANG_WARN_BLOCK_CAPTURE_AUTORELEASING = YES;
				CLANG_WARN_BOOL_CONVERSION = YES;
				CLANG_WARN_COMMA = YES;
				CLANG_WARN_CONSTANT_CONVERSION = YES;
				CLANG_WARN_DEPRECATED_OBJC_IMPLEMENTATIONS = YES;
				CLANG_WARN_DIRECT_OBJC_ISA_USAGE = YES_ERROR;
				CLANG_WARN_DOCUMENTATION_COMMENTS = YES;
				CLANG_WARN_EMPTY_BODY = YES;
				CLANG_WARN_ENUM_CONVERSION = YES;
				CLANG_WARN_INFINITE_RECURSION = YES;
				CLANG_WARN_INT_CONVERSION = YES;
				CLANG_WARN_NON_LITERAL_NULL_CONVERSION = YES;
				CLANG_WARN_OBJC_IMPLICIT_RETAIN_SELF = YES;
				CLANG_WARN_OBJC_LITERAL_CONVERSION = YES;
				CLANG_WARN_OBJC_ROOT_CLASS = YES_ERROR;
				CLANG_WARN_QUOTED_INCLUDE_IN_FRAMEWORK_HEADER = YES;
				CLANG_WARN_RANGE_LOOP_ANALYSIS = YES;
				CLANG_WARN_STRICT_PROTOTYPES = YES;
				CLANG_WARN_SUSPICIOUS_MOVE = YES;
				CLANG_WARN_UNGUARDED_AVAILABILITY = YES_AGGRESSIVE;
				CLANG_WARN_UNREACHABLE_CODE = YES;
				CLANG_WARN__DUPLICATE_METHOD_MATCH = YES;
				COPY_PHASE_STRIP = NO;
				DEBUG_INFORMATION_FORMAT = "dwarf-with-dsym";
				ENABLE_NS_ASSERTIONS = NO;
				ENABLE_STRICT_OBJC_MSGSEND = YES;
				GCC_C_LANGUAGE_STANDARD = gnu11;
				GCC_NO_COMMON_BLOCKS = YES;
				GCC_WARN_64_TO_32_BIT_CONVERSION = YES;
				GCC_WARN_ABOUT_RETURN_TYPE = YES_ERROR;
				GCC_WARN_UNDECLARED_SELECTOR = YES;
				GCC_WARN_UNINITIALIZED_AUTOS = YES_AGGRESSIVE;
				GCC_WARN_UNUSED_FUNCTION = YES;
				GCC_WARN_UNUSED_VARIABLE = YES;
				IPHONEOS_DEPLOYMENT_TARGET = 14.3;
				MTL_ENABLE_DEBUG_INFO = NO;
				MTL_FAST_MATH = YES;
				SDKROOT = iphoneos;
				SWIFT_COMPILATION_MODE = wholemodule;
				SWIFT_OPTIMIZATION_LEVEL = "-O";
				VALIDATE_PRODUCT = YES;
			};
			name = Release;
		};
		6F84311125D478A5005A710D /* Debug */ = {
			isa = XCBuildConfiguration;
			buildSettings = {
				ASSETCATALOG_COMPILER_APPICON_NAME = AppIcon;
				ASSETCATALOG_COMPILER_GLOBAL_ACCENT_COLOR_NAME = AccentColor;
				CODE_SIGN_STYLE = Automatic;
				DEVELOPMENT_TEAM = 6GX9AQ665K;
				INFOPLIST_FILE = MovieDatabase/Info.plist;
				LD_RUNPATH_SEARCH_PATHS = (
					"$(inherited)",
					"@executable_path/Frameworks",
				);
				PRODUCT_BUNDLE_IDENTIFIER = com.pfurmans.CityApp.MovieDatabase;
				PRODUCT_NAME = "$(TARGET_NAME)";
				SWIFT_VERSION = 5.0;
				TARGETED_DEVICE_FAMILY = "1,2";
			};
			name = Debug;
		};
		6F84311225D478A5005A710D /* Release */ = {
			isa = XCBuildConfiguration;
			buildSettings = {
				ASSETCATALOG_COMPILER_APPICON_NAME = AppIcon;
				ASSETCATALOG_COMPILER_GLOBAL_ACCENT_COLOR_NAME = AccentColor;
				CODE_SIGN_STYLE = Automatic;
				DEVELOPMENT_TEAM = 6GX9AQ665K;
				INFOPLIST_FILE = MovieDatabase/Info.plist;
				LD_RUNPATH_SEARCH_PATHS = (
					"$(inherited)",
					"@executable_path/Frameworks",
				);
				PRODUCT_BUNDLE_IDENTIFIER = com.pfurmans.CityApp.MovieDatabase;
				PRODUCT_NAME = "$(TARGET_NAME)";
				SWIFT_VERSION = 5.0;
				TARGETED_DEVICE_FAMILY = "1,2";
			};
			name = Release;
		};
		6F84311425D478A5005A710D /* Debug */ = {
			isa = XCBuildConfiguration;
			buildSettings = {
				ALWAYS_EMBED_SWIFT_STANDARD_LIBRARIES = YES;
				BUNDLE_LOADER = "$(TEST_HOST)";
				CODE_SIGN_STYLE = Automatic;
				DEVELOPMENT_TEAM = 6GX9AQ665K;
				INFOPLIST_FILE = MovieDatabaseTests/Info.plist;
				IPHONEOS_DEPLOYMENT_TARGET = 14.3;
				LD_RUNPATH_SEARCH_PATHS = (
					"$(inherited)",
					"@executable_path/Frameworks",
					"@loader_path/Frameworks",
				);
				PRODUCT_BUNDLE_IDENTIFIER = com.pfurmans.CityApp.MovieDatabaseTests;
				PRODUCT_NAME = "$(TARGET_NAME)";
				SWIFT_VERSION = 5.0;
				TARGETED_DEVICE_FAMILY = "1,2";
				TEST_HOST = "$(BUILT_PRODUCTS_DIR)/MovieDatabase.app/MovieDatabase";
			};
			name = Debug;
		};
		6F84311525D478A5005A710D /* Release */ = {
			isa = XCBuildConfiguration;
			buildSettings = {
				ALWAYS_EMBED_SWIFT_STANDARD_LIBRARIES = YES;
				BUNDLE_LOADER = "$(TEST_HOST)";
				CODE_SIGN_STYLE = Automatic;
				DEVELOPMENT_TEAM = 6GX9AQ665K;
				INFOPLIST_FILE = MovieDatabaseTests/Info.plist;
				IPHONEOS_DEPLOYMENT_TARGET = 14.3;
				LD_RUNPATH_SEARCH_PATHS = (
					"$(inherited)",
					"@executable_path/Frameworks",
					"@loader_path/Frameworks",
				);
				PRODUCT_BUNDLE_IDENTIFIER = com.pfurmans.CityApp.MovieDatabaseTests;
				PRODUCT_NAME = "$(TARGET_NAME)";
				SWIFT_VERSION = 5.0;
				TARGETED_DEVICE_FAMILY = "1,2";
				TEST_HOST = "$(BUILT_PRODUCTS_DIR)/MovieDatabase.app/MovieDatabase";
			};
			name = Release;
		};
/* End XCBuildConfiguration section */

/* Begin XCConfigurationList section */
		6F8430E125D478A2005A710D /* Build configuration list for PBXProject "MovieDatabase" */ = {
			isa = XCConfigurationList;
			buildConfigurations = (
				6F84310E25D478A5005A710D /* Debug */,
				6F84310F25D478A5005A710D /* Release */,
			);
			defaultConfigurationIsVisible = 0;
			defaultConfigurationName = Release;
		};
		6F84311025D478A5005A710D /* Build configuration list for PBXNativeTarget "MovieDatabase" */ = {
			isa = XCConfigurationList;
			buildConfigurations = (
				6F84311125D478A5005A710D /* Debug */,
				6F84311225D478A5005A710D /* Release */,
			);
			defaultConfigurationIsVisible = 0;
			defaultConfigurationName = Release;
		};
		6F84311325D478A5005A710D /* Build configuration list for PBXNativeTarget "MovieDatabaseTests" */ = {
			isa = XCConfigurationList;
			buildConfigurations = (
				6F84311425D478A5005A710D /* Debug */,
				6F84311525D478A5005A710D /* Release */,
			);
			defaultConfigurationIsVisible = 0;
			defaultConfigurationName = Release;
		};
/* End XCConfigurationList section */
	};
	rootObject = 6F8430DE25D478A2005A710D /* Project object */;
}
